
Microsoft Visual Studio Solution File, Format Version 12.00
# Visual Studio Version 17
VisualStudioVersion = 17.0.31912.275
MinimumVisualStudioVersion = 10.0.40219.1
Project("{9A19103F-16F7-4668-BE54-9A1E7A4F7556}") = "RecordRecorder", "RecordRecorder\RecordRecorder.csproj", "{DFB7FCE6-A50E-4EE2-86C6-DCB0DFB393EE}"
EndProject
Project("{FAE04EC0-301F-11D3-BF4B-00C04F79EFBC}") = "Record.Recorder.Core", "Record.Recorder.Core\Record.Recorder.Core.csproj", "{534FC041-2B2B-4480-A66B-327652FE6ADB}"
EndProject
Project("{9A19103F-16F7-4668-BE54-9A1E7A4F7556}") = "Record.Recorder.Core.UnitTests", "Record.Recorder.Core.UnitTests\Record.Recorder.Core.UnitTests.csproj", "{0189E454-5F4F-4DCE-8077-DCE03D140C87}"
EndProject
Project("{9A19103F-16F7-4668-BE54-9A1E7A4F7556}") = "Record.Recorder.Type", "Record.Recorder.Type\Record.Recorder.Type.csproj", "{2AB0B1F2-F370-4149-A8A2-05FE546A2E42}"
EndProject
Project("{840C416C-B8F3-42BC-B0DD-F6BB14C9F8CB}") = "Vinyl.Recorder.Installer", "Vinyl.Recorder.Installer\Vinyl.Recorder.Installer.aiproj", "{C6E38156-3E03-4266-8A21-242029CDD8DB}"
EndProject
Global
	GlobalSection(SolutionConfigurationPlatforms) = preSolution
		All|Any CPU = All|Any CPU
		Debug|Any CPU = Debug|Any CPU
		Release|Any CPU = Release|Any CPU
	EndGlobalSection
	GlobalSection(ProjectConfigurationPlatforms) = postSolution
		{DFB7FCE6-A50E-4EE2-86C6-DCB0DFB393EE}.All|Any CPU.ActiveCfg = Release|Any CPU
		{DFB7FCE6-A50E-4EE2-86C6-DCB0DFB393EE}.All|Any CPU.Build.0 = Release|Any CPU
		{DFB7FCE6-A50E-4EE2-86C6-DCB0DFB393EE}.Debug|Any CPU.ActiveCfg = Debug|Any CPU
		{DFB7FCE6-A50E-4EE2-86C6-DCB0DFB393EE}.Debug|Any CPU.Build.0 = Debug|Any CPU
		{DFB7FCE6-A50E-4EE2-86C6-DCB0DFB393EE}.Release|Any CPU.ActiveCfg = Release|Any CPU
		{DFB7FCE6-A50E-4EE2-86C6-DCB0DFB393EE}.Release|Any CPU.Build.0 = Release|Any CPU
		{534FC041-2B2B-4480-A66B-327652FE6ADB}.All|Any CPU.ActiveCfg = Release|Any CPU
		{534FC041-2B2B-4480-A66B-327652FE6ADB}.All|Any CPU.Build.0 = Release|Any CPU
		{534FC041-2B2B-4480-A66B-327652FE6ADB}.Debug|Any CPU.ActiveCfg = Debug|Any CPU
		{534FC041-2B2B-4480-A66B-327652FE6ADB}.Debug|Any CPU.Build.0 = Debug|Any CPU
		{534FC041-2B2B-4480-A66B-327652FE6ADB}.Release|Any CPU.ActiveCfg = Release|Any CPU
		{534FC041-2B2B-4480-A66B-327652FE6ADB}.Release|Any CPU.Build.0 = Release|Any CPU
		{0189E454-5F4F-4DCE-8077-DCE03D140C87}.All|Any CPU.ActiveCfg = Release|Any CPU
		{0189E454-5F4F-4DCE-8077-DCE03D140C87}.All|Any CPU.Build.0 = Release|Any CPU
		{0189E454-5F4F-4DCE-8077-DCE03D140C87}.Debug|Any CPU.ActiveCfg = Debug|Any CPU
		{0189E454-5F4F-4DCE-8077-DCE03D140C87}.Debug|Any CPU.Build.0 = Debug|Any CPU
		{0189E454-5F4F-4DCE-8077-DCE03D140C87}.Release|Any CPU.ActiveCfg = Release|Any CPU
		{0189E454-5F4F-4DCE-8077-DCE03D140C87}.Release|Any CPU.Build.0 = Release|Any CPU
		{2AB0B1F2-F370-4149-A8A2-05FE546A2E42}.All|Any CPU.ActiveCfg = Release|Any CPU
		{2AB0B1F2-F370-4149-A8A2-05FE546A2E42}.All|Any CPU.Build.0 = Release|Any CPU
		{2AB0B1F2-F370-4149-A8A2-05FE546A2E42}.Debug|Any CPU.ActiveCfg = Debug|Any CPU
		{2AB0B1F2-F370-4149-A8A2-05FE546A2E42}.Debug|Any CPU.Build.0 = Debug|Any CPU
		{2AB0B1F2-F370-4149-A8A2-05FE546A2E42}.Release|Any CPU.ActiveCfg = Release|Any CPU
		{2AB0B1F2-F370-4149-A8A2-05FE546A2E42}.Release|Any CPU.Build.0 = Release|Any CPU
		{C6E38156-3E03-4266-8A21-242029CDD8DB}.All|Any CPU.ActiveCfg = All
		{C6E38156-3E03-4266-8A21-242029CDD8DB}.All|Any CPU.Build.0 = All
		{C6E38156-3E03-4266-8A21-242029CDD8DB}.Debug|Any CPU.ActiveCfg = All
		{C6E38156-3E03-4266-8A21-242029CDD8DB}.Debug|Any CPU.Build.0 = All
		{C6E38156-3E03-4266-8A21-242029CDD8DB}.Release|Any CPU.ActiveCfg = All
		{C6E38156-3E03-4266-8A21-242029CDD8DB}.Release|Any CPU.Build.0 = All
	EndGlobalSection
	GlobalSection(SolutionProperties) = preSolution
		HideSolutionNode = FALSE
	EndGlobalSection
	GlobalSection(ExtensibilityGlobals) = postSolution
		SolutionGuid = {46BC2D68-10EC-40C5-8384-70A8C29FB625}
	EndGlobalSection
EndGlobal
