
Microsoft Visual Studio Solution File, Format Version 12.00
# Visual Studio Version 17
VisualStudioVersion = 17.0.31912.275
MinimumVisualStudioVersion = 10.0.40219.1
Project("{9A19103F-16F7-4668-BE54-9A1E7A4F7556}") = "RecordRecorder", "RecordRecorder\RecordRecorder.csproj", "{DFB7FCE6-A50E-4EE2-86C6-DCB0DFB393EE}"
EndProject
Project("{FAE04EC0-301F-11D3-BF4B-00C04F79EFBC}") = "Record.Recorder.Core", "Record.Recorder.Core\Record.Recorder.Core.csproj", "{534FC041-2B2B-4480-A66B-327652FE6ADB}"
EndProject
Project("{9A19103F-16F7-4668-BE54-9A1E7A4F7556}") = "Record.Recorder.Core.UnitTests", "Record.Recorder.Core.UnitTests\Record.Recorder.Core.UnitTests.csproj", "{0189E454-5F4F-4DCE-8077-DCE03D140C87}"
EndProject
Project("{9A19103F-16F7-4668-BE54-9A1E7A4F7556}") = "Record.Recorder.Type", "Record.Recorder.Type\Record.Recorder.Type.csproj", "{2AB0B1F2-F370-4149-A8A2-05FE546A2E42}"
EndProject
Project("{54435603-DBB4-11D2-8724-00A0C9A8B90C}") = "Record.Recorder.Installer-En", "Record.Recorder.Installers\Record.Recorder.Installer.En\Record.Recorder.Installer-En.vdproj", "{6F065F4F-4A41-4C05-AC09-0BC0D0DBFC73}"
EndProject
Project("{54435603-DBB4-11D2-8724-00A0C9A8B90C}") = "Record.Recorder.Installer-De", "Record.Recorder.Installers\Record.Recorder.Installer.De\Record.Recorder.Installer-De.vdproj", "{3D527DED-DFFD-45FC-A5A8-06C29008EAA3}"
EndProject
Global
	GlobalSection(SolutionConfigurationPlatforms) = preSolution
		All|Any CPU = All|Any CPU
		All|x64 = All|x64
		Debug|Any CPU = Debug|Any CPU
		Debug|x64 = Debug|x64
		Release|Any CPU = Release|Any CPU
		Release|x64 = Release|x64
	EndGlobalSection
	GlobalSection(ProjectConfigurationPlatforms) = postSolution
		{DFB7FCE6-A50E-4EE2-86C6-DCB0DFB393EE}.All|Any CPU.ActiveCfg = Release|Any CPU
		{DFB7FCE6-A50E-4EE2-86C6-DCB0DFB393EE}.All|Any CPU.Build.0 = Release|Any CPU
		{DFB7FCE6-A50E-4EE2-86C6-DCB0DFB393EE}.All|x64.ActiveCfg = Release|Any CPU
		{DFB7FCE6-A50E-4EE2-86C6-DCB0DFB393EE}.All|x64.Build.0 = Release|Any CPU
		{DFB7FCE6-A50E-4EE2-86C6-DCB0DFB393EE}.Debug|Any CPU.ActiveCfg = Debug|Any CPU
		{DFB7FCE6-A50E-4EE2-86C6-DCB0DFB393EE}.Debug|Any CPU.Build.0 = Debug|Any CPU
		{DFB7FCE6-A50E-4EE2-86C6-DCB0DFB393EE}.Debug|x64.ActiveCfg = Debug|Any CPU
		{DFB7FCE6-A50E-4EE2-86C6-DCB0DFB393EE}.Debug|x64.Build.0 = Debug|Any CPU
		{DFB7FCE6-A50E-4EE2-86C6-DCB0DFB393EE}.Release|Any CPU.ActiveCfg = Release|Any CPU
		{DFB7FCE6-A50E-4EE2-86C6-DCB0DFB393EE}.Release|Any CPU.Build.0 = Release|Any CPU
		{DFB7FCE6-A50E-4EE2-86C6-DCB0DFB393EE}.Release|x64.ActiveCfg = Release|x64
		{DFB7FCE6-A50E-4EE2-86C6-DCB0DFB393EE}.Release|x64.Build.0 = Release|x64
		{534FC041-2B2B-4480-A66B-327652FE6ADB}.All|Any CPU.ActiveCfg = Release|Any CPU
		{534FC041-2B2B-4480-A66B-327652FE6ADB}.All|Any CPU.Build.0 = Release|Any CPU
		{534FC041-2B2B-4480-A66B-327652FE6ADB}.All|x64.ActiveCfg = Release|Any CPU
		{534FC041-2B2B-4480-A66B-327652FE6ADB}.All|x64.Build.0 = Release|Any CPU
		{534FC041-2B2B-4480-A66B-327652FE6ADB}.Debug|Any CPU.ActiveCfg = Debug|Any CPU
		{534FC041-2B2B-4480-A66B-327652FE6ADB}.Debug|Any CPU.Build.0 = Debug|Any CPU
		{534FC041-2B2B-4480-A66B-327652FE6ADB}.Debug|x64.ActiveCfg = Debug|Any CPU
		{534FC041-2B2B-4480-A66B-327652FE6ADB}.Debug|x64.Build.0 = Debug|Any CPU
		{534FC041-2B2B-4480-A66B-327652FE6ADB}.Release|Any CPU.ActiveCfg = Release|Any CPU
		{534FC041-2B2B-4480-A66B-327652FE6ADB}.Release|Any CPU.Build.0 = Release|Any CPU
		{534FC041-2B2B-4480-A66B-327652FE6ADB}.Release|x64.ActiveCfg = Release|x64
		{534FC041-2B2B-4480-A66B-327652FE6ADB}.Release|x64.Build.0 = Release|x64
		{0189E454-5F4F-4DCE-8077-DCE03D140C87}.All|Any CPU.ActiveCfg = Release|Any CPU
		{0189E454-5F4F-4DCE-8077-DCE03D140C87}.All|Any CPU.Build.0 = Release|Any CPU
		{0189E454-5F4F-4DCE-8077-DCE03D140C87}.All|x64.ActiveCfg = Release|Any CPU
		{0189E454-5F4F-4DCE-8077-DCE03D140C87}.All|x64.Build.0 = Release|Any CPU
		{0189E454-5F4F-4DCE-8077-DCE03D140C87}.Debug|Any CPU.ActiveCfg = Debug|Any CPU
		{0189E454-5F4F-4DCE-8077-DCE03D140C87}.Debug|Any CPU.Build.0 = Debug|Any CPU
		{0189E454-5F4F-4DCE-8077-DCE03D140C87}.Debug|x64.ActiveCfg = Debug|Any CPU
		{0189E454-5F4F-4DCE-8077-DCE03D140C87}.Debug|x64.Build.0 = Debug|Any CPU
		{0189E454-5F4F-4DCE-8077-DCE03D140C87}.Release|Any CPU.ActiveCfg = Release|Any CPU
		{0189E454-5F4F-4DCE-8077-DCE03D140C87}.Release|Any CPU.Build.0 = Release|Any CPU
		{0189E454-5F4F-4DCE-8077-DCE03D140C87}.Release|x64.ActiveCfg = Release|x64
		{2AB0B1F2-F370-4149-A8A2-05FE546A2E42}.All|Any CPU.ActiveCfg = Release|Any CPU
		{2AB0B1F2-F370-4149-A8A2-05FE546A2E42}.All|Any CPU.Build.0 = Release|Any CPU
		{2AB0B1F2-F370-4149-A8A2-05FE546A2E42}.All|x64.ActiveCfg = Release|Any CPU
		{2AB0B1F2-F370-4149-A8A2-05FE546A2E42}.All|x64.Build.0 = Release|Any CPU
		{2AB0B1F2-F370-4149-A8A2-05FE546A2E42}.Debug|Any CPU.ActiveCfg = Debug|Any CPU
		{2AB0B1F2-F370-4149-A8A2-05FE546A2E42}.Debug|Any CPU.Build.0 = Debug|Any CPU
		{2AB0B1F2-F370-4149-A8A2-05FE546A2E42}.Debug|x64.ActiveCfg = Debug|Any CPU
		{2AB0B1F2-F370-4149-A8A2-05FE546A2E42}.Debug|x64.Build.0 = Debug|Any CPU
		{2AB0B1F2-F370-4149-A8A2-05FE546A2E42}.Release|Any CPU.ActiveCfg = Release|Any CPU
		{2AB0B1F2-F370-4149-A8A2-05FE546A2E42}.Release|Any CPU.Build.0 = Release|Any CPU
		{2AB0B1F2-F370-4149-A8A2-05FE546A2E42}.Release|x64.ActiveCfg = Release|x64
		{2AB0B1F2-F370-4149-A8A2-05FE546A2E42}.Release|x64.Build.0 = Release|x64
		{6F065F4F-4A41-4C05-AC09-0BC0D0DBFC73}.All|Any CPU.ActiveCfg = Debug
		{6F065F4F-4A41-4C05-AC09-0BC0D0DBFC73}.All|Any CPU.Build.0 = Debug
		{6F065F4F-4A41-4C05-AC09-0BC0D0DBFC73}.All|x64.ActiveCfg = Debug
		{6F065F4F-4A41-4C05-AC09-0BC0D0DBFC73}.All|x64.Build.0 = Debug
		{6F065F4F-4A41-4C05-AC09-0BC0D0DBFC73}.Debug|Any CPU.ActiveCfg = Debug
		{6F065F4F-4A41-4C05-AC09-0BC0D0DBFC73}.Debug|Any CPU.Build.0 = Debug
		{6F065F4F-4A41-4C05-AC09-0BC0D0DBFC73}.Debug|x64.ActiveCfg = Debug
		{6F065F4F-4A41-4C05-AC09-0BC0D0DBFC73}.Release|Any CPU.ActiveCfg = Release
		{6F065F4F-4A41-4C05-AC09-0BC0D0DBFC73}.Release|Any CPU.Build.0 = Release
		{6F065F4F-4A41-4C05-AC09-0BC0D0DBFC73}.Release|x64.ActiveCfg = Release
		{3D527DED-DFFD-45FC-A5A8-06C29008EAA3}.All|Any CPU.ActiveCfg = Debug
		{3D527DED-DFFD-45FC-A5A8-06C29008EAA3}.All|Any CPU.Build.0 = Debug
		{3D527DED-DFFD-45FC-A5A8-06C29008EAA3}.All|x64.ActiveCfg = Debug
		{3D527DED-DFFD-45FC-A5A8-06C29008EAA3}.All|x64.Build.0 = Debug
		{3D527DED-DFFD-45FC-A5A8-06C29008EAA3}.Debug|Any CPU.ActiveCfg = Debug
		{3D527DED-DFFD-45FC-A5A8-06C29008EAA3}.Debug|Any CPU.Build.0 = Debug
		{3D527DED-DFFD-45FC-A5A8-06C29008EAA3}.Debug|x64.ActiveCfg = Debug
		{3D527DED-DFFD-45FC-A5A8-06C29008EAA3}.Release|Any CPU.ActiveCfg = Release
		{3D527DED-DFFD-45FC-A5A8-06C29008EAA3}.Release|Any CPU.Build.0 = Release
		{3D527DED-DFFD-45FC-A5A8-06C29008EAA3}.Release|x64.ActiveCfg = Release
	EndGlobalSection
	GlobalSection(SolutionProperties) = preSolution
		HideSolutionNode = FALSE
	EndGlobalSection
	GlobalSection(ExtensibilityGlobals) = postSolution
		SolutionGuid = {46BC2D68-10EC-40C5-8384-70A8C29FB625}
	EndGlobalSection
EndGlobal
